
Microsoft Visual Studio Solution File, Format Version 12.00
# Visual Studio Version 16
VisualStudioVersion = 16.0.31702.278
MinimumVisualStudioVersion = 10.0.40219.1
Project("{FAE04EC0-301F-11D3-BF4B-00C04F79EFBC}") = "TrackerLibrary", "TrackerLibrary\TrackerLibrary.csproj", "{F61B09AD-8ECD-4A67-86FF-47EA0892F45F}"
EndProject
Global
	GlobalSection(SolutionConfigurationPlatforms) = preSolution
		Debug|Any CPU = Debug|Any CPU
		Release|Any CPU = Release|Any CPU
	EndGlobalSection
	GlobalSection(ProjectConfigurationPlatforms) = postSolution
		{F61B09AD-8ECD-4A67-86FF-47EA0892F45F}.Debug|Any CPU.ActiveCfg = Debug|Any CPU
		{F61B09AD-8ECD-4A67-86FF-47EA0892F45F}.Debug|Any CPU.Build.0 = Debug|Any CPU
		{F61B09AD-8ECD-4A67-86FF-47EA0892F45F}.Release|Any CPU.ActiveCfg = Release|Any CPU
		{F61B09AD-8ECD-4A67-86FF-47EA0892F45F}.Release|Any CPU.Build.0 = Release|Any CPU
	EndGlobalSection
	GlobalSection(SolutionProperties) = preSolution
		HideSolutionNode = FALSE
	EndGlobalSection
	GlobalSection(ExtensibilityGlobals) = postSolution
		SolutionGuid = {D8225BC7-88FF-4FBC-A540-94C7BEB0D3C0}
	EndGlobalSection
EndGlobal
